
Microsoft Visual Studio Solution File, Format Version 12.00
# Visual Studio Version 17
VisualStudioVersion = 17.14.36310.24
MinimumVisualStudioVersion = 10.0.40219.1
Project("{FAE04EC0-301F-11D3-BF4B-00C04F79EFBC}") = "GerenciarProcessos.API", "GerenciarProcessos.API\GerenciarProcessos.API.csproj", "{962A8F81-568A-49D3-A68E-843F49D11294}"
EndProject
Project("{FAE04EC0-301F-11D3-BF4B-00C04F79EFBC}") = "GerenciarProcessos.Application", "GerenciarProcessos.Application\GerenciarProcessos.Application.csproj", "{907A7BAA-FAF6-452E-B639-D0CC20171811}"
EndProject
Project("{FAE04EC0-301F-11D3-BF4B-00C04F79EFBC}") = "GerenciarProcessos.Domain", "GerenciarProcessos.Domain\GerenciarProcessos.Domain.csproj", "{2DEA2A45-97C2-4B4B-9C52-0C8A1FBBCEB1}"
EndProject
Project("{FAE04EC0-301F-11D3-BF4B-00C04F79EFBC}") = "GerenciarProcessos.Infrastructure", "GerenciarProcessos.Infrastructure\GerenciarProcessos.Infrastructure.csproj", "{126D2006-6C1A-43A1-B701-4E02EE73F36E}"
EndProject
Project("{FAE04EC0-301F-11D3-BF4B-00C04F79EFBC}") = "GerenciarProcessos.Shared", "GerenciarProcessos.Shared\GerenciarProcessos.Shared.csproj", "{BD6B50F0-538E-4F9F-91B0-560E7D1C696F}"
EndProject
Global
	GlobalSection(SolutionConfigurationPlatforms) = preSolution
		Debug|Any CPU = Debug|Any CPU
		Release|Any CPU = Release|Any CPU
	EndGlobalSection
	GlobalSection(ProjectConfigurationPlatforms) = postSolution
		{962A8F81-568A-49D3-A68E-843F49D11294}.Debug|Any CPU.ActiveCfg = Debug|Any CPU
		{962A8F81-568A-49D3-A68E-843F49D11294}.Debug|Any CPU.Build.0 = Debug|Any CPU
		{962A8F81-568A-49D3-A68E-843F49D11294}.Release|Any CPU.ActiveCfg = Release|Any CPU
		{962A8F81-568A-49D3-A68E-843F49D11294}.Release|Any CPU.Build.0 = Release|Any CPU
		{907A7BAA-FAF6-452E-B639-D0CC20171811}.Debug|Any CPU.ActiveCfg = Debug|Any CPU
		{907A7BAA-FAF6-452E-B639-D0CC20171811}.Debug|Any CPU.Build.0 = Debug|Any CPU
		{907A7BAA-FAF6-452E-B639-D0CC20171811}.Release|Any CPU.ActiveCfg = Release|Any CPU
		{907A7BAA-FAF6-452E-B639-D0CC20171811}.Release|Any CPU.Build.0 = Release|Any CPU
		{2DEA2A45-97C2-4B4B-9C52-0C8A1FBBCEB1}.Debug|Any CPU.ActiveCfg = Debug|Any CPU
		{2DEA2A45-97C2-4B4B-9C52-0C8A1FBBCEB1}.Debug|Any CPU.Build.0 = Debug|Any CPU
		{2DEA2A45-97C2-4B4B-9C52-0C8A1FBBCEB1}.Release|Any CPU.ActiveCfg = Release|Any CPU
		{2DEA2A45-97C2-4B4B-9C52-0C8A1FBBCEB1}.Release|Any CPU.Build.0 = Release|Any CPU
		{126D2006-6C1A-43A1-B701-4E02EE73F36E}.Debug|Any CPU.ActiveCfg = Debug|Any CPU
		{126D2006-6C1A-43A1-B701-4E02EE73F36E}.Debug|Any CPU.Build.0 = Debug|Any CPU
		{126D2006-6C1A-43A1-B701-4E02EE73F36E}.Release|Any CPU.ActiveCfg = Release|Any CPU
		{126D2006-6C1A-43A1-B701-4E02EE73F36E}.Release|Any CPU.Build.0 = Release|Any CPU
		{BD6B50F0-538E-4F9F-91B0-560E7D1C696F}.Debug|Any CPU.ActiveCfg = Debug|Any CPU
		{BD6B50F0-538E-4F9F-91B0-560E7D1C696F}.Debug|Any CPU.Build.0 = Debug|Any CPU
		{BD6B50F0-538E-4F9F-91B0-560E7D1C696F}.Release|Any CPU.ActiveCfg = Release|Any CPU
		{BD6B50F0-538E-4F9F-91B0-560E7D1C696F}.Release|Any CPU.Build.0 = Release|Any CPU
	EndGlobalSection
	GlobalSection(SolutionProperties) = preSolution
		HideSolutionNode = FALSE
	EndGlobalSection
	GlobalSection(ExtensibilityGlobals) = postSolution
		SolutionGuid = {66EFFDA5-F021-45B6-A5F3-18824EF8E895}
	EndGlobalSection
EndGlobal
